{
  "requires": true,
  "lockfileVersion": 1,
  "dependencies": {
    "@ant-design/colors": {
      "version": "5.0.1",
      "resolved": "https://registry.npmjs.org/@ant-design/colors/-/colors-5.0.1.tgz",
      "integrity": "sha512-x1TUaRILaqy3zgFNo+kIqOa3eTYPt81H1/3E4dCjDP4Qvk/xaPEizLDFdRUcIx0cWwyu2LklwfyLHWpbYK8v6A==",
      "requires": {
        "@ctrl/tinycolor": "^3.3.1"
      }
    },
    "@ant-design/icons": {
      "version": "4.4.0",
      "resolved": "https://registry.npmjs.org/@ant-design/icons/-/icons-4.4.0.tgz",
      "integrity": "sha512-+X44IouK56JbP3r7zM+Zoykv5wQlXBlxY0NTaFXGpiyYSS/Bh6HIo9aTF62QkSuDTqA3UpeNVTRFioKKRmkWDQ==",
      "requires": {
        "@ant-design/colors": "^5.0.0",
        "@ant-design/icons-svg": "^4.0.0",
        "@babel/runtime": "^7.11.2",
        "classnames": "^2.2.6",
        "insert-css": "^2.0.0",
        "rc-util": "^5.0.1"
      }
    },
    "@ant-design/icons-svg": {
      "version": "4.1.0",
      "resolved": "https://registry.npmjs.org/@ant-design/icons-svg/-/icons-svg-4.1.0.tgz",
      "integrity": "sha512-Fi03PfuUqRs76aI3UWYpP864lkrfPo0hluwGqh7NJdLhvH4iRDc3jbJqZIvRDLHKbXrvAfPPV3+zjUccfFvWOQ=="
    },
    "@ant-design/react-slick": {
      "version": "0.28.1",
      "resolved": "https://registry.npmjs.org/@ant-design/react-slick/-/react-slick-0.28.1.tgz",
      "integrity": "sha512-Uk+GNexHOmiK3BMk/xvliNsNt+LYnN49u5o4lqeuMKXJlNqE9kGpEF03KpxDqu/zybO0/0yAJALha8oPtR5iHA==",
      "requires": {
        "@babel/runtime": "^7.10.4",
        "classnames": "^2.2.5",
        "json2mq": "^0.2.0",
        "lodash": "^4.17.15",
        "resize-observer-polyfill": "^1.5.0"
      }
    },
    "@babel/runtime": {
      "version": "7.12.5",
      "resolved": "https://registry.npmjs.org/@babel/runtime/-/runtime-7.12.5.tgz",
      "integrity": "sha512-plcc+hbExy3McchJCEQG3knOsuh3HH+Prx1P6cLIkET/0dLuQDEnrT+s27Axgc9bqfsmNUNHfscgMUdBpC9xfg==",
      "requires": {
        "regenerator-runtime": "^0.13.4"
      },
      "dependencies": {
        "regenerator-runtime": {
          "version": "0.13.7",
          "resolved": "https://registry.npmjs.org/regenerator-runtime/-/regenerator-runtime-0.13.7.tgz",
          "integrity": "sha512-a54FxoJDIr27pgf7IgeQGxmqUNYrcV338lf/6gH456HZ/PhX+5BcwHXG9ajESmwe6WRO0tAzRUrRmNONWgkrew=="
        }
      }
    },
    "@ctrl/tinycolor": {
      "version": "3.3.3",
      "resolved": "https://registry.npmjs.org/@ctrl/tinycolor/-/tinycolor-3.3.3.tgz",
      "integrity": "sha512-v75yutF4BDMv9weDQVM+K5XEfjiODhugSV729pnoxtBDO61ij2CsDnQa4N4E9xGaH3/FX5ASZjnajljT2F71tA=="
    },
    "antd": {
      "version": "4.11.2",
      "resolved": "https://registry.npmjs.org/antd/-/antd-4.11.2.tgz",
      "integrity": "sha512-cdjPRlmamETae6c2uvQHRXDN5/T7I/zPiByaeolbq/FRG14JYv9hyUaydXI7n4s6rynPQ2Q6bFdCQ+/r9xZYbA==",
      "requires": {
        "@ant-design/colors": "^5.0.0",
        "@ant-design/icons": "^4.4.0",
        "@ant-design/react-slick": "~0.28.1",
        "@babel/runtime": "^7.11.2",
        "array-tree-filter": "^2.1.0",
        "classnames": "^2.2.6",
        "copy-to-clipboard": "^3.2.0",
        "lodash": "^4.17.20",
        "moment": "^2.25.3",
        "rc-cascader": "~1.4.0",
        "rc-checkbox": "~2.3.0",
        "rc-collapse": "~3.1.0",
        "rc-dialog": "~8.5.1",
        "rc-drawer": "~4.2.0",
        "rc-dropdown": "~3.2.0",
        "rc-field-form": "~1.18.0",
        "rc-image": "~5.1.1",
        "rc-input-number": "~6.1.0",
        "rc-mentions": "~1.5.0",
        "rc-menu": "~8.10.0",
        "rc-motion": "^2.4.0",
        "rc-notification": "~4.5.2",
        "rc-pagination": "~3.1.2",
        "rc-picker": "~2.5.1",
        "rc-progress": "~3.1.0",
        "rc-rate": "~2.9.0",
        "rc-resize-observer": "^1.0.0",
        "rc-select": "~12.1.0",
        "rc-slider": "~9.7.1",
        "rc-steps": "~4.1.0",
        "rc-switch": "~3.2.0",
        "rc-table": "~7.12.0",
        "rc-tabs": "~11.7.0",
        "rc-textarea": "~0.3.0",
        "rc-tooltip": "~5.0.0",
        "rc-tree": "~4.1.0",
        "rc-tree-select": "~4.3.0",
        "rc-trigger": "^5.2.1",
        "rc-upload": "~3.3.4",
        "rc-util": "^5.7.0",
        "scroll-into-view-if-needed": "^2.2.25",
        "warning": "^4.0.3"
      }
    },
    "array-tree-filter": {
      "version": "2.1.0",
      "resolved": "https://registry.npmjs.org/array-tree-filter/-/array-tree-filter-2.1.0.tgz",
      "integrity": "sha512-4ROwICNlNw/Hqa9v+rk5h22KjmzB1JGTMVKP2AKJBOCgb0yL0ASf0+YvCcLNNwquOHNX48jkeZIJ3a+oOQqKcw=="
    },
    "async-validator": {
      "version": "3.5.1",
      "resolved": "https://registry.npmjs.org/async-validator/-/async-validator-3.5.1.tgz",
      "integrity": "sha512-DDmKA7sdSAJtTVeNZHrnr2yojfFaoeW8MfQN8CeuXg8DDQHTqKk9Fdv38dSvnesHoO8MUwMI2HphOeSyIF+wmQ=="
    },
    "classnames": {
      "version": "2.2.6",
      "resolved": "https://registry.npmjs.org/classnames/-/classnames-2.2.6.tgz",
      "integrity": "sha512-JR/iSQOSt+LQIWwrwEzJ9uk0xfN3mTVYMwt1Ir5mUcSN6pU+V4zQFFaJsclJbPuAUQH+yfWef6tm7l1quW3C8Q=="
    },
    "compute-scroll-into-view": {
      "version": "1.0.16",
      "resolved": "https://registry.npmjs.org/compute-scroll-into-view/-/compute-scroll-into-view-1.0.16.tgz",
      "integrity": "sha512-a85LHKY81oQnikatZYA90pufpZ6sQx++BoCxOEMsjpZx+ZnaKGQnCyCehTRr/1p9GBIAHTjcU9k71kSYWloLiQ=="
    },
    "copy-anything": {
      "version": "2.0.1",
      "resolved": "https://registry.npmjs.org/copy-anything/-/copy-anything-2.0.1.tgz",
      "integrity": "sha512-lA57e7viQHOdPQcrytv5jFeudZZOXuyk47lZym279FiDQ8jeZomXiGuVf6ffMKkJ+3TIai3J1J3yi6M+/4U35g==",
      "requires": {
        "is-what": "^3.7.1"
      }
    },
    "copy-to-clipboard": {
      "version": "3.3.1",
      "resolved": "https://registry.npmjs.org/copy-to-clipboard/-/copy-to-clipboard-3.3.1.tgz",
      "integrity": "sha512-i13qo6kIHTTpCm8/Wup+0b1mVWETvu2kIMzKoK8FpkLkFxlt0znUAHcMzox+T8sPlqtZXq3CulEjQHsYiGFJUw==",
      "requires": {
        "toggle-selection": "^1.0.6"
      }
    },
    "date-fns": {
      "version": "2.16.1",
      "resolved": "https://registry.npmjs.org/date-fns/-/date-fns-2.16.1.tgz",
      "integrity": "sha512-sAJVKx/FqrLYHAQeN7VpJrPhagZc9R4ImZIWYRFZaaohR3KzmuK88touwsSwSVT8Qcbd4zoDsnGfX4GFB4imyQ=="
    },
    "dayjs": {
      "version": "1.10.4",
      "resolved": "https://registry.npmjs.org/dayjs/-/dayjs-1.10.4.tgz",
      "integrity": "sha512-RI/Hh4kqRc1UKLOAf/T5zdMMX5DQIlDxwUe3wSyMMnEbGunnpENCdbUgM+dW7kXidZqCttBrmw7BhN4TMddkCw=="
    },
    "dom-align": {
      "version": "1.12.0",
      "resolved": "https://registry.npmjs.org/dom-align/-/dom-align-1.12.0.tgz",
      "integrity": "sha512-YkoezQuhp3SLFGdOlr5xkqZ640iXrnHAwVYcDg8ZKRUtO7mSzSC2BA5V0VuyAwPSJA4CLIc6EDDJh4bEsD2+zA=="
    },
    "errno": {
      "version": "0.1.8",
      "resolved": "https://registry.npmjs.org/errno/-/errno-0.1.8.tgz",
      "integrity": "sha512-dJ6oBr5SQ1VSd9qkk7ByRgb/1SH4JZjCHSW/mr63/QcXO9zLVxvJ6Oy13nio03rxpSnVDDjFor75SjVeZWPW/A==",
      "optional": true,
      "requires": {
        "prr": "~1.0.1"
      }
    },
    "graceful-fs": {
      "version": "4.2.4",
      "resolved": "https://registry.npmjs.org/graceful-fs/-/graceful-fs-4.2.4.tgz",
      "integrity": "sha512-WjKPNJF79dtJAVniUlGGWHYGz2jWxT6VhN/4m1NdkbZ2nOsEF+cI1Edgql5zCRhs/VsQYRvrXctxktVXZUkixw==",
      "optional": true
    },
    "hoist-non-react-statics": {
      "version": "3.3.2",
      "resolved": "https://registry.npmjs.org/hoist-non-react-statics/-/hoist-non-react-statics-3.3.2.tgz",
      "integrity": "sha512-/gGivxi8JPKWNm/W0jSmzcMPpfpPLc3dY/6GxhX2hQ9iGj3aDfklV4ET7NjKpSinLpJ5vafa9iiGIEZg10SfBw==",
      "requires": {
        "react-is": "^16.7.0"
      }
    },
    "image-size": {
      "version": "0.5.5",
      "resolved": "https://registry.npmjs.org/image-size/-/image-size-0.5.5.tgz",
      "integrity": "sha1-Cd/Uq50g4p6xw+gLiZA3jfnjy5w=",
      "optional": true
    },
    "insert-css": {
      "version": "2.0.0",
      "resolved": "https://registry.npmjs.org/insert-css/-/insert-css-2.0.0.tgz",
      "integrity": "sha1-610Ql7dUL0x56jBg067gfQU4gPQ="
    },
    "is-what": {
      "version": "3.12.0",
      "resolved": "https://registry.npmjs.org/is-what/-/is-what-3.12.0.tgz",
      "integrity": "sha512-2ilQz5/f/o9V7WRWJQmpFYNmQFZ9iM+OXRonZKcYgTkCzjb949Vi4h282PD1UfmgHk666rcWonbRJ++KI41VGw=="
    },
    "js-tokens": {
      "version": "4.0.0",
      "resolved": "https://registry.npmjs.org/js-tokens/-/js-tokens-4.0.0.tgz",
      "integrity": "sha512-RdJUflcE3cUzKiMqQgsCu06FPu9UdIJO0beYbPhHN4k6apgJtifcoCtT9bcxOpYBtpD2kCM6Sbzg4CausW/PKQ=="
    },
    "json2mq": {
      "version": "0.2.0",
      "resolved": "https://registry.npmjs.org/json2mq/-/json2mq-0.2.0.tgz",
      "integrity": "sha1-tje9O6nqvhIsg+lyBIOusQ0skEo=",
      "requires": {
        "string-convert": "^0.2.0"
      }
    },
    "less": {
      "version": "3.13.1",
      "resolved": "https://registry.npmjs.org/less/-/less-3.13.1.tgz",
      "integrity": "sha512-SwA1aQXGUvp+P5XdZslUOhhLnClSLIjWvJhmd+Vgib5BFIr9lMNlQwmwUNOjXThF/A0x+MCYYPeWEfeWiLRnTw==",
      "requires": {
        "copy-anything": "^2.0.1",
        "errno": "^0.1.1",
        "graceful-fs": "^4.1.2",
        "image-size": "~0.5.0",
        "make-dir": "^2.1.0",
        "mime": "^1.4.1",
        "native-request": "^1.0.5",
        "source-map": "~0.6.0",
        "tslib": "^1.10.0"
      }
    },
    "lodash": {
      "version": "4.17.20",
      "resolved": "https://registry.npmjs.org/lodash/-/lodash-4.17.20.tgz",
      "integrity": "sha512-PlhdFcillOINfeV7Ni6oF1TAEayyZBoZ8bcshTHqOYJYlrqzRK5hagpagky5o4HfCzzd1TRkXPMFq6cKk9rGmA=="
    },
    "loose-envify": {
      "version": "1.4.0",
      "resolved": "https://registry.npmjs.org/loose-envify/-/loose-envify-1.4.0.tgz",
      "integrity": "sha512-lyuxPGr/Wfhrlem2CL/UcnUc1zcqKAImBDzukY7Y5F/yQiNdko6+fRLevlw1HgMySw7f611UIY408EtxRSoK3Q==",
      "requires": {
        "js-tokens": "^3.0.0 || ^4.0.0"
      }
    },
    "make-dir": {
      "version": "2.1.0",
      "resolved": "https://registry.npmjs.org/make-dir/-/make-dir-2.1.0.tgz",
      "integrity": "sha512-LS9X+dc8KLxXCb8dni79fLIIUA5VyZoyjSMCwTluaXA0o27cCK0bhXkpgw+sTXVpPy/lSO57ilRixqk0vDmtRA==",
      "optional": true,
      "requires": {
        "pify": "^4.0.1",
        "semver": "^5.6.0"
      }
    },
    "mime": {
      "version": "1.6.0",
      "resolved": "https://registry.npmjs.org/mime/-/mime-1.6.0.tgz",
      "integrity": "sha512-x0Vn8spI+wuJ1O6S7gnbaQg8Pxh4NNHb7KSINmEWKiPE4RKOplvijn+NkmYmmRgP68mc70j2EbeTFRsrswaQeg==",
      "optional": true
    },
    "mini-store": {
      "version": "3.0.6",
      "resolved": "https://registry.npmjs.org/mini-store/-/mini-store-3.0.6.tgz",
      "integrity": "sha512-YzffKHbYsMQGUWQRKdsearR79QsMzzJcDDmZKlJBqt5JNkqpyJHYlK6gP61O36X+sLf76sO9G6mhKBe83gIZIQ==",
      "requires": {
        "hoist-non-react-statics": "^3.3.2",
        "shallowequal": "^1.0.2"
      }
    },
    "moment": {
      "version": "2.29.1",
      "resolved": "https://registry.npmjs.org/moment/-/moment-2.29.1.tgz",
      "integrity": "sha512-kHmoybcPV8Sqy59DwNDY3Jefr64lK/by/da0ViFcuA4DH0vQg5Q6Ze5VimxkfQNSC+Mls/Kx53s7TjP1RhFEDQ=="
    },
    "native-request": {
      "version": "1.0.8",
      "resolved": "https://registry.npmjs.org/native-request/-/native-request-1.0.8.tgz",
      "integrity": "sha512-vU2JojJVelUGp6jRcLwToPoWGxSx23z/0iX+I77J3Ht17rf2INGjrhOoQnjVo60nQd8wVsgzKkPfRXBiVdD2ag==",
      "optional": true
    },
    "pify": {
      "version": "4.0.1",
      "resolved": "https://registry.npmjs.org/pify/-/pify-4.0.1.tgz",
      "integrity": "sha512-uB80kBFb/tfd68bVleG9T5GGsGPjJrLAUpR5PZIrhBnIaRTQRjqdJSsIKkOP6OAIFbj7GOrcudc5pNjZ+geV2g==",
      "optional": true
    },
    "prr": {
      "version": "1.0.1",
      "resolved": "https://registry.npmjs.org/prr/-/prr-1.0.1.tgz",
      "integrity": "sha1-0/wRS6BplaRexok/SEzrHXj19HY=",
      "optional": true
    },
    "rc-align": {
      "version": "4.0.9",
      "resolved": "https://registry.npmjs.org/rc-align/-/rc-align-4.0.9.tgz",
      "integrity": "sha512-myAM2R4qoB6LqBul0leaqY8gFaiECDJ3MtQDmzDo9xM9NRT/04TvWOYd2YHU9zvGzqk9QXF6S9/MifzSKDZeMw==",
      "requires": {
        "@babel/runtime": "^7.10.1",
        "classnames": "2.x",
        "dom-align": "^1.7.0",
        "rc-util": "^5.3.0",
        "resize-observer-polyfill": "^1.5.1"
      }
    },
    "rc-cascader": {
      "version": "1.4.2",
      "resolved": "https://registry.npmjs.org/rc-cascader/-/rc-cascader-1.4.2.tgz",
      "integrity": "sha512-JVuLGrSi+3G8DZyPvlKlGVWJjhoi9NTz6REHIgRspa5WnznRkKGm2ejb0jJtz0m2IL8Q9BG4ZA2sXuqAu71ltQ==",
      "requires": {
        "@babel/runtime": "^7.12.5",
        "array-tree-filter": "^2.1.0",
        "rc-trigger": "^5.0.4",
        "rc-util": "^5.0.1",
        "warning": "^4.0.1"
      }
    },
    "rc-checkbox": {
      "version": "2.3.2",
      "resolved": "https://registry.npmjs.org/rc-checkbox/-/rc-checkbox-2.3.2.tgz",
      "integrity": "sha512-afVi1FYiGv1U0JlpNH/UaEXdh6WUJjcWokj/nUN2TgG80bfG+MDdbfHKlLcNNba94mbjy2/SXJ1HDgrOkXGAjg==",
      "requires": {
        "@babel/runtime": "^7.10.1",
        "classnames": "^2.2.1"
      }
    },
    "rc-collapse": {
      "version": "3.1.0",
      "resolved": "https://registry.npmjs.org/rc-collapse/-/rc-collapse-3.1.0.tgz",
      "integrity": "sha512-EwpNPJcLe7b+5JfyaxM9ZNnkCgqArt3QQO0Cr5p5plwz/C9h8liAmjYY5I4+hl9lAjBqb7ZwLu94+z+rt5g1WQ==",
      "requires": {
        "@babel/runtime": "^7.10.1",
        "classnames": "2.x",
        "rc-motion": "^2.3.4",
        "rc-util": "^5.2.1",
        "shallowequal": "^1.1.0"
      }
    },
    "rc-dialog": {
      "version": "8.5.1",
      "resolved": "https://registry.npmjs.org/rc-dialog/-/rc-dialog-8.5.1.tgz",
      "integrity": "sha512-EcLgHHjF3Jp4C+TFceO2j7gIrpx0YIhY6ronki5QJDL/z+qWYozY5RNh4rnv4a6R21SPVhV+SK+gMMlMHZ/YRQ==",
      "requires": {
        "@babel/runtime": "^7.10.1",
        "classnames": "^2.2.6",
        "rc-motion": "^2.3.0",
        "rc-util": "^5.6.1"
      }
    },
    "rc-drawer": {
      "version": "4.2.2",
      "resolved": "https://registry.npmjs.org/rc-drawer/-/rc-drawer-4.2.2.tgz",
      "integrity": "sha512-zw48FATkAmJrEnfeRWiMqvKAzqGzUDLN1UXlluB7q7GgbR6mJFvc+QsmNrgxsFuMz86Lh9mKSIi7rXlPINmuzw==",
      "requires": {
        "@babel/runtime": "^7.10.1",
        "classnames": "^2.2.6",
        "rc-util": "^5.7.0"
      }
    },
    "rc-dropdown": {
      "version": "3.2.0",
      "resolved": "https://registry.npmjs.org/rc-dropdown/-/rc-dropdown-3.2.0.tgz",
      "integrity": "sha512-j1HSw+/QqlhxyTEF6BArVZnTmezw2LnSmRk6I9W7BCqNCKaRwleRmMMs1PHbuaG8dKHVqP6e21RQ7vPBLVnnNw==",
      "requires": {
        "@babel/runtime": "^7.10.1",
        "classnames": "^2.2.6",
        "rc-trigger": "^5.0.4"
      }
    },
    "rc-field-form": {
      "version": "1.18.1",
      "resolved": "https://registry.npmjs.org/rc-field-form/-/rc-field-form-1.18.1.tgz",
      "integrity": "sha512-/YRnelnHLxygl/ROGhFqfCT+uAZ5xLvu3qjtlETOneb7fXKk7tqp+RGfYqZ4uNViXlsfxox3qqMMTVet6wYfEA==",
      "requires": {
        "@babel/runtime": "^7.8.4",
        "async-validator": "^3.0.3",
        "rc-util": "^5.0.0"
      }
    },
    "rc-image": {
      "version": "5.1.4",
      "resolved": "https://registry.npmjs.org/rc-image/-/rc-image-5.1.4.tgz",
      "integrity": "sha512-hilxwwEAYJXocY6i+lEdEibvHVOLgN43EQFfjKFiiruRNiUQzGWcdCseyaeTZgInTDrf+QWZP6MujlZjtEbpkA==",
      "requires": {
        "@babel/runtime": "^7.11.2",
        "classnames": "^2.2.6",
        "rc-dialog": "~8.5.0",
        "rc-util": "^5.0.6"
      }
    },
    "rc-input-number": {
      "version": "6.1.3",
      "resolved": "https://registry.npmjs.org/rc-input-number/-/rc-input-number-6.1.3.tgz",
      "integrity": "sha512-qCLWK9NuuKGTsPXjRU/XvSOX7EKdnHlOpg59nPjYSDdH/czsAHZyYq50O6b6RF2TMPOjVpmsZQoMjNJYcnn6JA==",
      "requires": {
        "@babel/runtime": "^7.10.1",
        "classnames": "^2.2.5",
        "rc-util": "^5.0.1"
      }
    },
    "rc-mentions": {
      "version": "1.5.3",
      "resolved": "https://registry.npmjs.org/rc-mentions/-/rc-mentions-1.5.3.tgz",
      "integrity": "sha512-NG/KB8YiKBCJPHHvr/QapAb4f9YzLJn7kDHtmI1K6t7ZMM5YgrjIxNNhoRKKP9zJvb9PdPts69Hbg4ZMvLVIFQ==",
      "requires": {
        "@babel/runtime": "^7.10.1",
        "classnames": "^2.2.6",
        "rc-menu": "^8.0.1",
        "rc-textarea": "^0.3.0",
        "rc-trigger": "^5.0.4",
        "rc-util": "^5.0.1"
      }
    },
    "rc-menu": {
      "version": "8.10.5",
      "resolved": "https://registry.npmjs.org/rc-menu/-/rc-menu-8.10.5.tgz",
      "integrity": "sha512-8Ets93wQFy9IysmgRUm1VGdrEz6XfZTM0jQOqOPLYNXah5HgAmCh4xT0UOygfHB3IWiQeqDgr2uPB4uVhwI2+Q==",
      "requires": {
        "@babel/runtime": "^7.10.1",
        "classnames": "2.x",
        "mini-store": "^3.0.1",
        "rc-motion": "^2.0.1",
        "rc-trigger": "^5.1.2",
        "rc-util": "^5.7.0",
        "resize-observer-polyfill": "^1.5.0",
        "shallowequal": "^1.1.0"
      }
    },
    "rc-motion": {
      "version": "2.4.1",
      "resolved": "https://registry.npmjs.org/rc-motion/-/rc-motion-2.4.1.tgz",
      "integrity": "sha512-TWLvymfMu8SngPx5MDH8dQ0D2RYbluNTfam4hY/dNNx9RQ3WtGuZ/GXHi2ymLMzH+UNd6EEFYkOuR5JTTtm8Xg==",
      "requires": {
        "@babel/runtime": "^7.11.1",
        "classnames": "^2.2.1",
        "rc-util": "^5.2.1"
      }
    },
    "rc-notification": {
      "version": "4.5.4",
      "resolved": "https://registry.npmjs.org/rc-notification/-/rc-notification-4.5.4.tgz",
      "integrity": "sha512-VsN0ouF4uglE5g3C9oDsXLNYX0Sz++ZNUFYCswkxhpImYJ9u6nJOpyA71uOYDVCu6bAF54Y5Hi/b+EcnMzkepg==",
      "requires": {
        "@babel/runtime": "^7.10.1",
        "classnames": "2.x",
        "rc-motion": "^2.2.0",
        "rc-util": "^5.0.1"
      }
    },
    "rc-overflow": {
      "version": "1.0.2",
      "resolved": "https://registry.npmjs.org/rc-overflow/-/rc-overflow-1.0.2.tgz",
      "integrity": "sha512-GXj4DAyNxm4f57LvXLwhJaZoJHzSge2l2lQq64MZP7NJAfLpQqOLD+v9JMV9ONTvDPZe8kdzR+UMmkAn7qlzFA==",
      "requires": {
        "@babel/runtime": "^7.11.1",
        "classnames": "^2.2.1",
        "rc-resize-observer": "^1.0.0",
        "rc-util": "^5.5.1"
      }
    },
    "rc-pagination": {
      "version": "3.1.3",
      "resolved": "https://registry.npmjs.org/rc-pagination/-/rc-pagination-3.1.3.tgz",
      "integrity": "sha512-Z7CdC4xGkedfAwcUHPtfqNhYwVyDgkmhkvfsmoByCOwAd89p42t5O5T3ORar1wRmVWf3jxk/Bf4k0atenNvlFA==",
      "requires": {
        "@babel/runtime": "^7.10.1",
        "classnames": "^2.2.1"
      }
    },
    "rc-picker": {
      "version": "2.5.2",
      "resolved": "https://registry.npmjs.org/rc-picker/-/rc-picker-2.5.2.tgz",
      "integrity": "sha512-rQLgvjyFrxjiWlR+Q7CyXdTOP/gHbiXlBca7irOtuEb6HMRLdm+/OfIB7xaaPHgdkv1ZOsxCk8zCEX6j0qf24g==",
      "requires": {
        "@babel/runtime": "^7.10.1",
        "classnames": "^2.2.1",
        "date-fns": "^2.15.0",
        "dayjs": "^1.8.30",
        "moment": "^2.24.0",
        "rc-trigger": "^5.0.4",
        "rc-util": "^5.4.0",
        "shallowequal": "^1.1.0"
      }
    },
    "rc-progress": {
      "version": "3.1.3",
      "resolved": "https://registry.npmjs.org/rc-progress/-/rc-progress-3.1.3.tgz",
      "integrity": "sha512-Jl4fzbBExHYMoC6HBPzel0a9VmhcSXx24LVt/mdhDM90MuzoMCJjXZAlhA0V0CJi+SKjMhfBoIQ6Lla1nD4QNw==",
      "requires": {
        "@babel/runtime": "^7.10.1",
        "classnames": "^2.2.6"
      }
    },
    "rc-rate": {
      "version": "2.9.1",
      "resolved": "https://registry.npmjs.org/rc-rate/-/rc-rate-2.9.1.tgz",
      "integrity": "sha512-MmIU7FT8W4LYRRHJD1sgG366qKtSaKb67D0/vVvJYR0lrCuRrCiVQ5qhfT5ghVO4wuVIORGpZs7ZKaYu+KMUzA==",
      "requires": {
        "@babel/runtime": "^7.10.1",
        "classnames": "^2.2.5",
        "rc-util": "^5.0.1"
      }
    },
    "rc-resize-observer": {
      "version": "1.0.0",
      "resolved": "https://registry.npmjs.org/rc-resize-observer/-/rc-resize-observer-1.0.0.tgz",
      "integrity": "sha512-RgKGukg1mlzyGdvzF7o/LGFC8AeoMH9aGzXTUdp6m+OApvmRdUuOscq/Y2O45cJA+rXt1ApWlpFoOIioXL3AGg==",
      "requires": {
        "@babel/runtime": "^7.10.1",
        "classnames": "^2.2.1",
        "rc-util": "^5.0.0",
        "resize-observer-polyfill": "^1.5.1"
      }
    },
    "rc-select": {
      "version": "12.1.1",
      "resolved": "https://registry.npmjs.org/rc-select/-/rc-select-12.1.1.tgz",
      "integrity": "sha512-FugmUHtLf17clTrK5TiGY3G2PT0N/vT4wkuNyuwfMZvvB4EtShJaYcoLDoa0RkY0FGzHdtjMPBqW5gRrqkkPew==",
      "requires": {
        "@babel/runtime": "^7.10.1",
        "classnames": "2.x",
        "rc-motion": "^2.0.1",
        "rc-overflow": "^1.0.0",
        "rc-trigger": "^5.0.4",
        "rc-util": "^5.0.1",
        "rc-virtual-list": "^3.2.0"
      }
    },
    "rc-slider": {
      "version": "9.7.1",
      "resolved": "https://registry.npmjs.org/rc-slider/-/rc-slider-9.7.1.tgz",
      "integrity": "sha512-r9r0dpFA3PEvxBhIfVi1lVzxuSogWxeY+tGvi2AqMM1rPgaOXQ7WbtT+9kVFkJ9K8TntA/vYPgiCCKfN29KTkw==",
      "requires": {
        "@babel/runtime": "^7.10.1",
        "classnames": "^2.2.5",
        "rc-tooltip": "^5.0.1",
        "rc-util": "^5.0.0",
        "shallowequal": "^1.1.0"
      }
    },
    "rc-steps": {
      "version": "4.1.3",
      "resolved": "https://registry.npmjs.org/rc-steps/-/rc-steps-4.1.3.tgz",
      "integrity": "sha512-GXrMfWQOhN3sVze3JnzNboHpQdNHcdFubOETUHyDpa/U3HEKBZC3xJ8XK4paBgF4OJ3bdUVLC+uBPc6dCxvDYA==",
      "requires": {
        "@babel/runtime": "^7.10.2",
        "classnames": "^2.2.3",
        "rc-util": "^5.0.1"
      }
    },
    "rc-switch": {
      "version": "3.2.2",
      "resolved": "https://registry.npmjs.org/rc-switch/-/rc-switch-3.2.2.tgz",
      "integrity": "sha512-+gUJClsZZzvAHGy1vZfnwySxj+MjLlGRyXKXScrtCTcmiYNPzxDFOxdQ/3pK1Kt/0POvwJ/6ALOR8gwdXGhs+A==",
      "requires": {
        "@babel/runtime": "^7.10.1",
        "classnames": "^2.2.1",
        "rc-util": "^5.0.1"
      }
    },
    "rc-table": {
      "version": "7.12.3",
      "resolved": "https://registry.npmjs.org/rc-table/-/rc-table-7.12.3.tgz",
      "integrity": "sha512-R87lx28os4Ftm/9x+MamwzLw+Dtp9yxihceAgLA/9JS9QP/sqej1qlO+3T/Uw4paZqCg9SpW0XzLI1MandviWA==",
      "requires": {
        "@babel/runtime": "^7.10.1",
        "classnames": "^2.2.5",
        "rc-resize-observer": "^1.0.0",
        "rc-util": "^5.4.0",
        "shallowequal": "^1.1.0"
      }
    },
    "rc-tabs": {
      "version": "11.7.3",
      "resolved": "https://registry.npmjs.org/rc-tabs/-/rc-tabs-11.7.3.tgz",
      "integrity": "sha512-5nd2NVss9TprPRV9r8N05SjQyAE7zDrLejxFLcbJ+BdLxSwnGnk3ws/Iq0smqKZUnPQC0XEvnpF3+zlllUUT2w==",
      "requires": {
        "@babel/runtime": "^7.11.2",
        "classnames": "2.x",
        "rc-dropdown": "^3.1.3",
        "rc-menu": "^8.6.1",
        "rc-resize-observer": "^1.0.0",
        "rc-util": "^5.5.0"
      }
    },
    "rc-textarea": {
      "version": "0.3.4",
      "resolved": "https://registry.npmjs.org/rc-textarea/-/rc-textarea-0.3.4.tgz",
      "integrity": "sha512-ILUYx831ZukQPv3m7R4RGRtVVWmL1LV4ME03L22mvT56US0DGCJJaRTHs4vmpcSjFHItph5OTmhodY4BOwy81A==",
      "requires": {
        "@babel/runtime": "^7.10.1",
        "classnames": "^2.2.1",
        "rc-resize-observer": "^1.0.0",
        "rc-util": "^5.7.0"
      }
    },
    "rc-tooltip": {
      "version": "5.0.2",
      "resolved": "https://registry.npmjs.org/rc-tooltip/-/rc-tooltip-5.0.2.tgz",
      "integrity": "sha512-A4FejSG56PzYtSNUU4H1pVzfhtkV/+qMT2clK0CsSj+9mbc4USEtpWeX6A/jjVL+goBOMKj8qlH7BCZmZWh/Nw==",
      "requires": {
        "@babel/runtime": "^7.11.2",
        "rc-trigger": "^5.0.0"
      }
    },
    "rc-tree": {
      "version": "4.1.1",
      "resolved": "https://registry.npmjs.org/rc-tree/-/rc-tree-4.1.1.tgz",
      "integrity": "sha512-ufq7CkWfvTQa+xMPzEWYfOjTfsEALlPr0/IyujEG4+4d8NdaR3e+0dc8LkkVWoe1VCcXV2FQqAsgr2z/ThFUrQ==",
      "requires": {
        "@babel/runtime": "^7.10.1",
        "classnames": "2.x",
        "rc-motion": "^2.0.1",
        "rc-util": "^5.0.0",
        "rc-virtual-list": "^3.0.1"
      }
    },
    "rc-tree-select": {
      "version": "4.3.0",
      "resolved": "https://registry.npmjs.org/rc-tree-select/-/rc-tree-select-4.3.0.tgz",
      "integrity": "sha512-EEXB9dKBsJNJuKIU5NERZsaJ71GDGIj5uWLl7A4XiYr2jXM4JICfScvvp3O5jHMDfhqmgpqNc0z90mHkgh3hKg==",
      "requires": {
        "@babel/runtime": "^7.10.1",
        "classnames": "2.x",
        "rc-select": "^12.0.0",
        "rc-tree": "^4.0.0",
        "rc-util": "^5.0.5"
      }
    },
    "rc-trigger": {
      "version": "5.2.1",
      "resolved": "https://registry.npmjs.org/rc-trigger/-/rc-trigger-5.2.1.tgz",
      "integrity": "sha512-XZilSlSDnb0L/R3Ff2xo9C0Fho2aBDoAn8u3coM60XdLqTCo24nsOh1bfAMm0uIB1qVjh5eqeyFqnBPmXi8pJg==",
      "requires": {
        "@babel/runtime": "^7.11.2",
        "classnames": "^2.2.6",
        "rc-align": "^4.0.0",
        "rc-motion": "^2.0.0",
        "rc-util": "^5.5.0"
      }
    },
    "rc-upload": {
      "version": "3.3.4",
      "resolved": "https://registry.npmjs.org/rc-upload/-/rc-upload-3.3.4.tgz",
      "integrity": "sha512-v2sirR4JL31UTHD/f0LGUdd+tpFaOVUTPeIEjAXRP9kRN8TFhqOgcXl5ixtyqj90FmtRUmKmafCv0EmhBQUHqQ==",
      "requires": {
        "@babel/runtime": "^7.10.1",
        "classnames": "^2.2.5",
        "rc-util": "^5.2.0"
      }
    },
    "rc-util": {
      "version": "5.7.0",
      "resolved": "https://registry.npmjs.org/rc-util/-/rc-util-5.7.0.tgz",
      "integrity": "sha512-0hh5XkJ+vBDeMJsHElqT1ijMx+gC3gpClwQ10h/5hccrrgrMx8VUem183KLlH1YrWCfMMPmDXWWNnwsn+p6URw==",
      "requires": {
        "@babel/runtime": "^7.12.5",
        "react-is": "^16.12.0",
        "shallowequal": "^1.1.0"
      }
    },
    "rc-virtual-list": {
      "version": "3.2.6",
      "resolved": "https://registry.npmjs.org/rc-virtual-list/-/rc-virtual-list-3.2.6.tgz",
      "integrity": "sha512-8FiQLDzm3c/tMX0d62SQtKDhLH7zFlSI6pWBAPt+TUntEqd3Lz9zFAmpvTu8gkvUom/HCsDSZs4wfV4wDPWC0Q==",
      "requires": {
        "classnames": "^2.2.6",
        "rc-resize-observer": "^1.0.0",
        "rc-util": "^5.0.7"
      }
    },
    "react-is": {
      "version": "16.13.1",
      "resolved": "https://registry.npmjs.org/react-is/-/react-is-16.13.1.tgz",
      "integrity": "sha512-24e6ynE2H+OKt4kqsOvNd8kBpV65zoxbA4BVsEOB3ARVWQki/DHzaUoC5KuON/BiccDaCCTZBuOcfZs70kR8bQ=="
    },
    "resize-observer-polyfill": {
      "version": "1.5.1",
      "resolved": "https://registry.npmjs.org/resize-observer-polyfill/-/resize-observer-polyfill-1.5.1.tgz",
      "integrity": "sha512-LwZrotdHOo12nQuZlHEmtuXdqGoOD0OhaxopaNFxWzInpEgaLWoVuAMbTzixuosCx2nEG58ngzW3vxdWoxIgdg=="
    },
    "scroll-into-view-if-needed": {
      "version": "2.2.26",
      "resolved": "https://registry.npmjs.org/scroll-into-view-if-needed/-/scroll-into-view-if-needed-2.2.26.tgz",
      "integrity": "sha512-SQ6AOKfABaSchokAmmaxVnL9IArxEnLEX9j4wAZw+x4iUTb40q7irtHG3z4GtAWz5veVZcCnubXDBRyLVQaohw==",
      "requires": {
        "compute-scroll-into-view": "^1.0.16"
      }
    },
    "semver": {
      "version": "5.7.1",
      "resolved": "https://registry.npmjs.org/semver/-/semver-5.7.1.tgz",
      "integrity": "sha512-sauaDf/PZdVgrLTNYHRtpXa1iRiKcaebiKQ1BJdpQlWH2lCvexQdX55snPFyK7QzpudqbCI0qXFfOasHdyNDGQ==",
      "optional": true
    },
    "shallowequal": {
      "version": "1.1.0",
      "resolved": "https://registry.npmjs.org/shallowequal/-/shallowequal-1.1.0.tgz",
      "integrity": "sha512-y0m1JoUZSlPAjXVtPPW70aZWfIL/dSP7AFkRnniLCrK/8MDKog3TySTBmckD+RObVxH0v4Tox67+F14PdED2oQ=="
    },
    "source-map": {
      "version": "0.6.1",
      "resolved": "https://registry.npmjs.org/source-map/-/source-map-0.6.1.tgz",
      "integrity": "sha512-UjgapumWlbMhkBgzT7Ykc5YXUT46F0iKu8SGXq0bcwP5dz/h0Plj6enJqjz1Zbq2l5WaqYnrVbwWOWMyF3F47g==",
      "optional": true
    },
    "string-convert": {
      "version": "0.2.1",
      "resolved": "https://registry.npmjs.org/string-convert/-/string-convert-0.2.1.tgz",
      "integrity": "sha1-aYLMMEn7tM2F+LJFaLnZvznu/5c="
    },
    "toggle-selection": {
      "version": "1.0.6",
      "resolved": "https://registry.npmjs.org/toggle-selection/-/toggle-selection-1.0.6.tgz",
      "integrity": "sha1-bkWxJj8gF/oKzH2J14sVuL932jI="
    },
    "tslib": {
      "version": "1.14.1",
      "resolved": "https://registry.npmjs.org/tslib/-/tslib-1.14.1.tgz",
      "integrity": "sha512-Xni35NKzjgMrwevysHTCArtLDpPvye8zV/0E4EyYn43P7/7qvQwPh9BGkHewbMulVntbigmcT7rdX3BNo9wRJg=="
    },
    "warning": {
      "version": "4.0.3",
      "resolved": "https://registry.npmjs.org/warning/-/warning-4.0.3.tgz",
      "integrity": "sha512-rpJyN222KWIvHJ/F53XSZv0Zl/accqHR8et1kpaMTD/fLCRxtV8iX8czMzY7sVZupTI3zcUTg8eycS2kNF9l6w==",
      "requires": {
        "loose-envify": "^1.0.0"
      }
    }
  },
  "version": "1.0.3"
}
